// !$*UTF8*$!
{
	archiveVersion = 1;
	classes = {
	};
	objectVersion = 50;
	objects = {

/* Begin PBXBuildFile section */
		3A2B61352093DBEC009060F0 /* AppDelegate.swift in Sources */ = {isa = PBXBuildFile; fileRef = 3A2B61342093DBEC009060F0 /* AppDelegate.swift */; };
		3A2B61372093DBEC009060F0 /* ViewController.swift in Sources */ = {isa = PBXBuildFile; fileRef = 3A2B61362093DBEC009060F0 /* ViewController.swift */; };
		3A2B613A2093DBEC009060F0 /* Main.storyboard in Resources */ = {isa = PBXBuildFile; fileRef = 3A2B61382093DBEC009060F0 /* Main.storyboard */; };
		3A2B613C2093DBF0009060F0 /* Assets.xcassets in Resources */ = {isa = PBXBuildFile; fileRef = 3A2B613B2093DBF0009060F0 /* Assets.xcassets */; };
		3A2B613F2093DBF0009060F0 /* LaunchScreen.storyboard in Resources */ = {isa = PBXBuildFile; fileRef = 3A2B613D2093DBF0009060F0 /* LaunchScreen.storyboard */; };
		D213308023CE590900372AD8 /* JBTableViewController.swift in Sources */ = {isa = PBXBuildFile; fileRef = D213307F23CE590900372AD8 /* JBTableViewController.swift */; };
		D213308223CE5AB200372AD8 /* SLETableViewController.swift in Sources */ = {isa = PBXBuildFile; fileRef = D213308123CE5AB200372AD8 /* SLETableViewController.swift */; };
		D213308623CE5D9F00372AD8 /* NFTableViewController.swift in Sources */ = {isa = PBXBuildFile; fileRef = D213308523CE5D9F00372AD8 /* NFTableViewController.swift */; };
		D213308823CE5DF500372AD8 /* METableViewController.swift in Sources */ = {isa = PBXBuildFile; fileRef = D213308723CE5DF500372AD8 /* METableViewController.swift */; };
		D213308A23CE5F0200372AD8 /* SFTableViewController.swift in Sources */ = {isa = PBXBuildFile; fileRef = D213308923CE5F0200372AD8 /* SFTableViewController.swift */; };
		D213308C23CE608900372AD8 /* SF2TableViewController.swift in Sources */ = {isa = PBXBuildFile; fileRef = D213308B23CE608900372AD8 /* SF2TableViewController.swift */; };
		D213308E23CE69BD00372AD8 /* CommuViewController.swift in Sources */ = {isa = PBXBuildFile; fileRef = D213308D23CE69BD00372AD8 /* CommuViewController.swift */; };
		D213309023CE975300372AD8 /* CommunityMapsTableViewController.swift in Sources */ = {isa = PBXBuildFile; fileRef = D213308F23CE975300372AD8 /* CommunityMapsTableViewController.swift */; };
		D291ACCD23C23F1400CE4A9F /* MapUIViewController.swift in Sources */ = {isa = PBXBuildFile; fileRef = D291ACCC23C23F1400CE4A9F /* MapUIViewController.swift */; };
		D2D4CE9623CA382900B42595 /* ListTableViewController.swift in Sources */ = {isa = PBXBuildFile; fileRef = D2D4CE9523CA382900B42595 /* ListTableViewController.swift */; };
		D2D4CE9823CB773200B42595 /* DataViewController.swift in Sources */ = {isa = PBXBuildFile; fileRef = D2D4CE9723CB773200B42595 /* DataViewController.swift */; };
		D2D4CE9A23CB7E5E00B42595 /* DataTableViewController.swift in Sources */ = {isa = PBXBuildFile; fileRef = D2D4CE9923CB7E5E00B42595 /* DataTableViewController.swift */; };
		D2D4CEA223CBBE1500B42595 /* SBTableViewController.swift in Sources */ = {isa = PBXBuildFile; fileRef = D2D4CEA123CBBE1500B42595 /* SBTableViewController.swift */; };
		D2D4CEA423CDDB8700B42595 /* VBTableViewController.swift in Sources */ = {isa = PBXBuildFile; fileRef = D2D4CEA323CDDB8700B42595 /* VBTableViewController.swift */; };
		D2D4CEA623CDDCF200B42595 /* LPTableViewController.swift in Sources */ = {isa = PBXBuildFile; fileRef = D2D4CEA523CDDCF200B42595 /* LPTableViewController.swift */; };
		D2D4CEA823CDDEA900B42595 /* FPTableViewController.swift in Sources */ = {isa = PBXBuildFile; fileRef = D2D4CEA723CDDEA900B42595 /* FPTableViewController.swift */; };
		D2D4CEAA23CE249400B42595 /* MoreViewController.swift in Sources */ = {isa = PBXBuildFile; fileRef = D2D4CEA923CE249400B42595 /* MoreViewController.swift */; };
/* End PBXBuildFile section */

/* Begin PBXFileReference section */
		3A2B61312093DBEC009060F0 /* Project02.app */ = {isa = PBXFileReference; explicitFileType = wrapper.application; includeInIndex = 0; path = Project02.app; sourceTree = BUILT_PRODUCTS_DIR; };
		3A2B61342093DBEC009060F0 /* AppDelegate.swift */ = {isa = PBXFileReference; lastKnownFileType = sourcecode.swift; path = AppDelegate.swift; sourceTree = "<group>"; };
		3A2B61362093DBEC009060F0 /* ViewController.swift */ = {isa = PBXFileReference; lastKnownFileType = sourcecode.swift; path = ViewController.swift; sourceTree = "<group>"; };
		3A2B61392093DBEC009060F0 /* Base */ = {isa = PBXFileReference; lastKnownFileType = file.storyboard; name = Base; path = Base.lproj/Main.storyboard; sourceTree = "<group>"; };
		3A2B613B2093DBF0009060F0 /* Assets.xcassets */ = {isa = PBXFileReference; lastKnownFileType = folder.assetcatalog; path = Assets.xcassets; sourceTree = "<group>"; };
		3A2B613E2093DBF0009060F0 /* Base */ = {isa = PBXFileReference; lastKnownFileType = file.storyboard; name = Base; path = Base.lproj/LaunchScreen.storyboard; sourceTree = "<group>"; };
		3A2B61402093DBF0009060F0 /* Info.plist */ = {isa = PBXFileReference; lastKnownFileType = text.plist.xml; path = Info.plist; sourceTree = "<group>"; };
		D213307F23CE590900372AD8 /* JBTableViewController.swift */ = {isa = PBXFileReference; lastKnownFileType = sourcecode.swift; path = JBTableViewController.swift; sourceTree = "<group>"; };
		D213308123CE5AB200372AD8 /* SLETableViewController.swift */ = {isa = PBXFileReference; lastKnownFileType = sourcecode.swift; path = SLETableViewController.swift; sourceTree = "<group>"; };
		D213308523CE5D9F00372AD8 /* NFTableViewController.swift */ = {isa = PBXFileReference; lastKnownFileType = sourcecode.swift; path = NFTableViewController.swift; sourceTree = "<group>"; };
		D213308723CE5DF500372AD8 /* METableViewController.swift */ = {isa = PBXFileReference; lastKnownFileType = sourcecode.swift; path = METableViewController.swift; sourceTree = "<group>"; };
		D213308923CE5F0200372AD8 /* SFTableViewController.swift */ = {isa = PBXFileReference; lastKnownFileType = sourcecode.swift; path = SFTableViewController.swift; sourceTree = "<group>"; };
		D213308B23CE608900372AD8 /* SF2TableViewController.swift */ = {isa = PBXFileReference; lastKnownFileType = sourcecode.swift; path = SF2TableViewController.swift; sourceTree = "<group>"; };
		D213308D23CE69BD00372AD8 /* CommuViewController.swift */ = {isa = PBXFileReference; lastKnownFileType = sourcecode.swift; path = CommuViewController.swift; sourceTree = "<group>"; };
		D213308F23CE975300372AD8 /* CommunityMapsTableViewController.swift */ = {isa = PBXFileReference; lastKnownFileType = sourcecode.swift; path = CommunityMapsTableViewController.swift; sourceTree = "<group>"; };
		D291ACCC23C23F1400CE4A9F /* MapUIViewController.swift */ = {isa = PBXFileReference; lastKnownFileType = sourcecode.swift; path = MapUIViewController.swift; sourceTree = "<group>"; };
		D2D4CE9523CA382900B42595 /* ListTableViewController.swift */ = {isa = PBXFileReference; lastKnownFileType = sourcecode.swift; path = ListTableViewController.swift; sourceTree = "<group>"; };
		D2D4CE9723CB773200B42595 /* DataViewController.swift */ = {isa = PBXFileReference; lastKnownFileType = sourcecode.swift; path = DataViewController.swift; sourceTree = "<group>"; };
		D2D4CE9923CB7E5E00B42595 /* DataTableViewController.swift */ = {isa = PBXFileReference; lastKnownFileType = sourcecode.swift; path = DataTableViewController.swift; sourceTree = "<group>"; };
		D2D4CEA123CBBE1500B42595 /* SBTableViewController.swift */ = {isa = PBXFileReference; lastKnownFileType = sourcecode.swift; path = SBTableViewController.swift; sourceTree = "<group>"; };
		D2D4CEA323CDDB8700B42595 /* VBTableViewController.swift */ = {isa = PBXFileReference; lastKnownFileType = sourcecode.swift; path = VBTableViewController.swift; sourceTree = "<group>"; };
		D2D4CEA523CDDCF200B42595 /* LPTableViewController.swift */ = {isa = PBXFileReference; lastKnownFileType = sourcecode.swift; path = LPTableViewController.swift; sourceTree = "<group>"; };
		D2D4CEA723CDDEA900B42595 /* FPTableViewController.swift */ = {isa = PBXFileReference; lastKnownFileType = sourcecode.swift; path = FPTableViewController.swift; sourceTree = "<group>"; };
		D2D4CEA923CE249400B42595 /* MoreViewController.swift */ = {isa = PBXFileReference; lastKnownFileType = sourcecode.swift; path = MoreViewController.swift; sourceTree = "<group>"; };
		D2F4FD3823BB96F000AA0AA8 /* Project02.entitlements */ = {isa = PBXFileReference; lastKnownFileType = text.plist.entitlements; path = Project02.entitlements; sourceTree = "<group>"; };
/* End PBXFileReference section */

/* Begin PBXFrameworksBuildPhase section */
		3A2B612E2093DBEC009060F0 /* Frameworks */ = {
			isa = PBXFrameworksBuildPhase;
			buildActionMask = 2147483647;
			files = (
			);
			runOnlyForDeploymentPostprocessing = 0;
		};
/* End PBXFrameworksBuildPhase section */

/* Begin PBXGroup section */
		3A2B61282093DBEB009060F0 = {
			isa = PBXGroup;
			children = (
				3A2B61332093DBEC009060F0 /* Project02 */,
				3A2B61322093DBEC009060F0 /* Products */,
			);
			sourceTree = "<group>";
		};
		3A2B61322093DBEC009060F0 /* Products */ = {
			isa = PBXGroup;
			children = (
				3A2B61312093DBEC009060F0 /* Project02.app */,
			);
			name = Products;
			sourceTree = "<group>";
		};
		3A2B61332093DBEC009060F0 /* Project02 */ = {
			isa = PBXGroup;
			children = (
				D2F4FD3823BB96F000AA0AA8 /* Project02.entitlements */,
				3A2B61342093DBEC009060F0 /* AppDelegate.swift */,
				3A2B61362093DBEC009060F0 /* ViewController.swift */,
				D213308523CE5D9F00372AD8 /* NFTableViewController.swift */,
				3A2B61382093DBEC009060F0 /* Main.storyboard */,
				D213308F23CE975300372AD8 /* CommunityMapsTableViewController.swift */,
				D213308D23CE69BD00372AD8 /* CommuViewController.swift */,
				D213308B23CE608900372AD8 /* SF2TableViewController.swift */,
				D213308923CE5F0200372AD8 /* SFTableViewController.swift */,
				D213308723CE5DF500372AD8 /* METableViewController.swift */,
				D213308123CE5AB200372AD8 /* SLETableViewController.swift */,
				D213307F23CE590900372AD8 /* JBTableViewController.swift */,
				D2D4CEA923CE249400B42595 /* MoreViewController.swift */,
				D2D4CEA723CDDEA900B42595 /* FPTableViewController.swift */,
				D2D4CEA323CDDB8700B42595 /* VBTableViewController.swift */,
				D2D4CEA523CDDCF200B42595 /* LPTableViewController.swift */,
				D2D4CEA123CBBE1500B42595 /* SBTableViewController.swift */,
				D2D4CE9923CB7E5E00B42595 /* DataTableViewController.swift */,
				D2D4CE9723CB773200B42595 /* DataViewController.swift */,
				D2D4CE9523CA382900B42595 /* ListTableViewController.swift */,
				D291ACCC23C23F1400CE4A9F /* MapUIViewController.swift */,
				3A2B613B2093DBF0009060F0 /* Assets.xcassets */,
				3A2B613D2093DBF0009060F0 /* LaunchScreen.storyboard */,
				3A2B61402093DBF0009060F0 /* Info.plist */,
			);
			path = Project02;
			sourceTree = "<group>";
		};
/* End PBXGroup section */

/* Begin PBXNativeTarget section */
		3A2B61302093DBEC009060F0 /* Project02 */ = {
			isa = PBXNativeTarget;
			buildConfigurationList = 3A2B61432093DBF0009060F0 /* Build configuration list for PBXNativeTarget "Project02" */;
			buildPhases = (
				3A2B612D2093DBEC009060F0 /* Sources */,
				3A2B612E2093DBEC009060F0 /* Frameworks */,
				3A2B612F2093DBEC009060F0 /* Resources */,
			);
			buildRules = (
			);
			dependencies = (
			);
			name = Project02;
			productName = Project02;
			productReference = 3A2B61312093DBEC009060F0 /* Project02.app */;
			productType = "com.apple.product-type.application";
		};
/* End PBXNativeTarget section */

/* Begin PBXProject section */
		3A2B61292093DBEC009060F0 /* Project object */ = {
			isa = PBXProject;
			attributes = {
				LastSwiftUpdateCheck = 0930;
				LastUpgradeCheck = 0930;
				ORGANIZATIONNAME = Synappse;
				TargetAttributes = {
					3A2B61302093DBEC009060F0 = {
						CreatedOnToolsVersion = 9.3;
						SystemCapabilities = {
							com.apple.Siri = {
								enabled = 0;
							};
						};
					};
				};
			};
			buildConfigurationList = 3A2B612C2093DBEC009060F0 /* Build configuration list for PBXProject "Project02" */;
			compatibilityVersion = "Xcode 9.3";
			developmentRegion = en;
			hasScannedForEncodings = 0;
			knownRegions = (
				en,
				Base,
			);
			mainGroup = 3A2B61282093DBEB009060F0;
			productRefGroup = 3A2B61322093DBEC009060F0 /* Products */;
			projectDirPath = "";
			projectRoot = "";
			targets = (
				3A2B61302093DBEC009060F0 /* Project02 */,
			);
		};
/* End PBXProject section */

/* Begin PBXResourcesBuildPhase section */
		3A2B612F2093DBEC009060F0 /* Resources */ = {
			isa = PBXResourcesBuildPhase;
			buildActionMask = 2147483647;
			files = (
				3A2B613F2093DBF0009060F0 /* LaunchScreen.storyboard in Resources */,
				3A2B613C2093DBF0009060F0 /* Assets.xcassets in Resources */,
				3A2B613A2093DBEC009060F0 /* Main.storyboard in Resources */,
			);
			runOnlyForDeploymentPostprocessing = 0;
		};
/* End PBXResourcesBuildPhase section */

/* Begin PBXSourcesBuildPhase section */
		3A2B612D2093DBEC009060F0 /* Sources */ = {
			isa = PBXSourcesBuildPhase;
			buildActionMask = 2147483647;
			files = (
				D291ACCD23C23F1400CE4A9F /* MapUIViewController.swift in Sources */,
				D213308623CE5D9F00372AD8 /* NFTableViewController.swift in Sources */,
				D213308223CE5AB200372AD8 /* SLETableViewController.swift in Sources */,
				D2D4CEA823CDDEA900B42595 /* FPTableViewController.swift in Sources */,
				D213308C23CE608900372AD8 /* SF2TableViewController.swift in Sources */,
				D213308823CE5DF500372AD8 /* METableViewController.swift in Sources */,
				D213308E23CE69BD00372AD8 /* CommuViewController.swift in Sources */,
				D2D4CE9A23CB7E5E00B42595 /* DataTableViewController.swift in Sources */,
				D213309023CE975300372AD8 /* CommunityMapsTableViewController.swift in Sources */,
				D213308A23CE5F0200372AD8 /* SFTableViewController.swift in Sources */,
				D2D4CEA223CBBE1500B42595 /* SBTableViewController.swift in Sources */,
				D2D4CEAA23CE249400B42595 /* MoreViewController.swift in Sources */,
				D213308023CE590900372AD8 /* JBTableViewController.swift in Sources */,
				D2D4CEA623CDDCF200B42595 /* LPTableViewController.swift in Sources */,
				3A2B61372093DBEC009060F0 /* ViewController.swift in Sources */,
				D2D4CE9823CB773200B42595 /* DataViewController.swift in Sources */,
				D2D4CEA423CDDB8700B42595 /* VBTableViewController.swift in Sources */,
				D2D4CE9623CA382900B42595 /* ListTableViewController.swift in Sources */,
				3A2B61352093DBEC009060F0 /* AppDelegate.swift in Sources */,
			);
			runOnlyForDeploymentPostprocessing = 0;
		};
/* End PBXSourcesBuildPhase section */

/* Begin PBXVariantGroup section */
		3A2B61382093DBEC009060F0 /* Main.storyboard */ = {
			isa = PBXVariantGroup;
			children = (
				3A2B61392093DBEC009060F0 /* Base */,
			);
			name = Main.storyboard;
			sourceTree = "<group>";
		};
		3A2B613D2093DBF0009060F0 /* LaunchScreen.storyboard */ = {
			isa = PBXVariantGroup;
			children = (
				3A2B613E2093DBF0009060F0 /* Base */,
			);
			name = LaunchScreen.storyboard;
			sourceTree = "<group>";
		};
/* End PBXVariantGroup section */

/* Begin XCBuildConfiguration section */
		3A2B61412093DBF0009060F0 /* Debug */ = {
			isa = XCBuildConfiguration;
			buildSettings = {
				ALWAYS_SEARCH_USER_PATHS = NO;
				CLANG_ANALYZER_NONNULL = YES;
				CLANG_ANALYZER_NUMBER_OBJECT_CONVERSION = YES_AGGRESSIVE;
				CLANG_CXX_LANGUAGE_STANDARD = "gnu++14";
				CLANG_CXX_LIBRARY = "libc++";
				CLANG_ENABLE_MODULES = YES;
				CLANG_ENABLE_OBJC_ARC = YES;
				CLANG_ENABLE_OBJC_WEAK = YES;
				CLANG_WARN_BLOCK_CAPTURE_AUTORELEASING = YES;
				CLANG_WARN_BOOL_CONVERSION = YES;
				CLANG_WARN_COMMA = YES;
				CLANG_WARN_CONSTANT_CONVERSION = YES;
				CLANG_WARN_DEPRECATED_OBJC_IMPLEMENTATIONS = YES;
				CLANG_WARN_DIRECT_OBJC_ISA_USAGE = YES_ERROR;
				CLANG_WARN_DOCUMENTATION_COMMENTS = YES;
				CLANG_WARN_EMPTY_BODY = YES;
				CLANG_WARN_ENUM_CONVERSION = YES;
				CLANG_WARN_INFINITE_RECURSION = YES;
				CLANG_WARN_INT_CONVERSION = YES;
				CLANG_WARN_NON_LITERAL_NULL_CONVERSION = YES;
				CLANG_WARN_OBJC_IMPLICIT_RETAIN_SELF = YES;
				CLANG_WARN_OBJC_LITERAL_CONVERSION = YES;
				CLANG_WARN_OBJC_ROOT_CLASS = YES_ERROR;
				CLANG_WARN_RANGE_LOOP_ANALYSIS = YES;
				CLANG_WARN_STRICT_PROTOTYPES = YES;
				CLANG_WARN_SUSPICIOUS_MOVE = YES;
				CLANG_WARN_UNGUARDED_AVAILABILITY = YES_AGGRESSIVE;
				CLANG_WARN_UNREACHABLE_CODE = YES;
				CLANG_WARN__DUPLICATE_METHOD_MATCH = YES;
				CODE_SIGN_IDENTITY = "iPhone Developer";
				COPY_PHASE_STRIP = NO;
				DEBUG_INFORMATION_FORMAT = dwarf;
				ENABLE_STRICT_OBJC_MSGSEND = YES;
				ENABLE_TESTABILITY = YES;
				GCC_C_LANGUAGE_STANDARD = gnu11;
				GCC_DYNAMIC_NO_PIC = NO;
				GCC_NO_COMMON_BLOCKS = YES;
				GCC_OPTIMIZATION_LEVEL = 0;
				GCC_PREPROCESSOR_DEFINITIONS = (
					"DEBUG=1",
					"$(inherited)",
				);
				GCC_WARN_64_TO_32_BIT_CONVERSION = YES;
				GCC_WARN_ABOUT_RETURN_TYPE = YES_ERROR;
				GCC_WARN_UNDECLARED_SELECTOR = YES;
				GCC_WARN_UNINITIALIZED_AUTOS = YES_AGGRESSIVE;
				GCC_WARN_UNUSED_FUNCTION = YES;
				GCC_WARN_UNUSED_VARIABLE = YES;
				IPHONEOS_DEPLOYMENT_TARGET = 11.3;
				MTL_ENABLE_DEBUG_INFO = YES;
				ONLY_ACTIVE_ARCH = YES;
				SDKROOT = iphoneos;
				SWIFT_ACTIVE_COMPILATION_CONDITIONS = DEBUG;
				SWIFT_OPTIMIZATION_LEVEL = "-Onone";
			};
			name = Debug;
		};
		3A2B61422093DBF0009060F0 /* Release */ = {
			isa = XCBuildConfiguration;
			buildSettings = {
				ALWAYS_SEARCH_USER_PATHS = NO;
				CLANG_ANALYZER_NONNULL = YES;
				CLANG_ANALYZER_NUMBER_OBJECT_CONVERSION = YES_AGGRESSIVE;
				CLANG_CXX_LANGUAGE_STANDARD = "gnu++14";
				CLANG_CXX_LIBRARY = "libc++";
				CLANG_ENABLE_MODULES = YES;
				CLANG_ENABLE_OBJC_ARC = YES;
				CLANG_ENABLE_OBJC_WEAK = YES;
				CLANG_WARN_BLOCK_CAPTURE_AUTORELEASING = YES;
				CLANG_WARN_BOOL_CONVERSION = YES;
				CLANG_WARN_COMMA = YES;
				CLANG_WARN_CONSTANT_CONVERSION = YES;
				CLANG_WARN_DEPRECATED_OBJC_IMPLEMENTATIONS = YES;
				CLANG_WARN_DIRECT_OBJC_ISA_USAGE = YES_ERROR;
				CLANG_WARN_DOCUMENTATION_COMMENTS = YES;
				CLANG_WARN_EMPTY_BODY = YES;
				CLANG_WARN_ENUM_CONVERSION = YES;
				CLANG_WARN_INFINITE_RECURSION = YES;
				CLANG_WARN_INT_CONVERSION = YES;
				CLANG_WARN_NON_LITERAL_NULL_CONVERSION = YES;
				CLANG_WARN_OBJC_IMPLICIT_RETAIN_SELF = YES;
				CLANG_WARN_OBJC_LITERAL_CONVERSION = YES;
				CLANG_WARN_OBJC_ROOT_CLASS = YES_ERROR;
				CLANG_WARN_RANGE_LOOP_ANALYSIS = YES;
				CLANG_WARN_STRICT_PROTOTYPES = YES;
				CLANG_WARN_SUSPICIOUS_MOVE = YES;
				CLANG_WARN_UNGUARDED_AVAILABILITY = YES_AGGRESSIVE;
				CLANG_WARN_UNREACHABLE_CODE = YES;
				CLANG_WARN__DUPLICATE_METHOD_MATCH = YES;
				CODE_SIGN_IDENTITY = "iPhone Developer";
				COPY_PHASE_STRIP = NO;
				DEBUG_INFORMATION_FORMAT = "dwarf-with-dsym";
				ENABLE_NS_ASSERTIONS = NO;
				ENABLE_STRICT_OBJC_MSGSEND = YES;
				GCC_C_LANGUAGE_STANDARD = gnu11;
				GCC_NO_COMMON_BLOCKS = YES;
				GCC_WARN_64_TO_32_BIT_CONVERSION = YES;
				GCC_WARN_ABOUT_RETURN_TYPE = YES_ERROR;
				GCC_WARN_UNDECLARED_SELECTOR = YES;
				GCC_WARN_UNINITIALIZED_AUTOS = YES_AGGRESSIVE;
				GCC_WARN_UNUSED_FUNCTION = YES;
				GCC_WARN_UNUSED_VARIABLE = YES;
				IPHONEOS_DEPLOYMENT_TARGET = 11.3;
				MTL_ENABLE_DEBUG_INFO = NO;
				SDKROOT = iphoneos;
				SWIFT_COMPILATION_MODE = wholemodule;
				SWIFT_OPTIMIZATION_LEVEL = "-O";
				VALIDATE_PRODUCT = YES;
			};
			name = Release;
		};
		3A2B61442093DBF0009060F0 /* Debug */ = {
			isa = XCBuildConfiguration;
			buildSettings = {
				ASSETCATALOG_COMPILER_APPICON_NAME = AppIcon;
				CODE_SIGN_STYLE = Automatic;
				DEVELOPMENT_TEAM = B9J5WKR6XA;
				INFOPLIST_FILE = Project02/Info.plist;
				IPHONEOS_DEPLOYMENT_TARGET = 12.4;
				LD_RUNPATH_SEARCH_PATHS = (
					"$(inherited)",
					"@executable_path/Frameworks",
				);
				PRODUCT_BUNDLE_IDENTIFIER = co.synappse.Project02;
				PRODUCT_NAME = "$(TARGET_NAME)";
				SWIFT_VERSION = 4.0;
				TARGETED_DEVICE_FAMILY = "1,2";
			};
			name = Debug;
		};
		3A2B61452093DBF0009060F0 /* Release */ = {
			isa = XCBuildConfiguration;
			buildSettings = {
				ASSETCATALOG_COMPILER_APPICON_NAME = AppIcon;
				CODE_SIGN_STYLE = Automatic;
				DEVELOPMENT_TEAM = B9J5WKR6XA;
				INFOPLIST_FILE = Project02/Info.plist;
				IPHONEOS_DEPLOYMENT_TARGET = 12.4;
				LD_RUNPATH_SEARCH_PATHS = (
					"$(inherited)",
					"@executable_path/Frameworks",
				);
				PRODUCT_BUNDLE_IDENTIFIER = co.synappse.Project02;
				PRODUCT_NAME = "$(TARGET_NAME)";
				SWIFT_VERSION = 4.0;
				TARGETED_DEVICE_FAMILY = "1,2";
			};
			name = Release;
		};
/* End XCBuildConfiguration section */

/* Begin XCConfigurationList section */
		3A2B612C2093DBEC009060F0 /* Build configuration list for PBXProject "Project02" */ = {
			isa = XCConfigurationList;
			buildConfigurations = (
				3A2B61412093DBF0009060F0 /* Debug */,
				3A2B61422093DBF0009060F0 /* Release */,
			);
			defaultConfigurationIsVisible = 0;
			defaultConfigurationName = Release;
		};
		3A2B61432093DBF0009060F0 /* Build configuration list for PBXNativeTarget "Project02" */ = {
			isa = XCConfigurationList;
			buildConfigurations = (
				3A2B61442093DBF0009060F0 /* Debug */,
				3A2B61452093DBF0009060F0 /* Release */,
			);
			defaultConfigurationIsVisible = 0;
			defaultConfigurationName = Release;
		};
/* End XCConfigurationList section */
	};
	rootObject = 3A2B61292093DBEC009060F0 /* Project object */;
}
